
Microsoft Visual Studio Solution File, Format Version 12.00
# Visual Studio Version 16
VisualStudioVersion = 16.0.30907.101
MinimumVisualStudioVersion = 10.0.40219.1
Project("{FAE04EC0-301F-11D3-BF4B-00C04F79EFBC}") = "BuilderPattern", "BuilderPattern\BuilderPattern.csproj", "{C8E6F970-9EA7-4712-B002-26B81C26D719}"
EndProject
Global
	GlobalSection(SolutionConfigurationPlatforms) = preSolution
		Debug|Any CPU = Debug|Any CPU
		Release|Any CPU = Release|Any CPU
	EndGlobalSection
	GlobalSection(ProjectConfigurationPlatforms) = postSolution
		{C8E6F970-9EA7-4712-B002-26B81C26D719}.Debug|Any CPU.ActiveCfg = Debug|Any CPU
		{C8E6F970-9EA7-4712-B002-26B81C26D719}.Debug|Any CPU.Build.0 = Debug|Any CPU
		{C8E6F970-9EA7-4712-B002-26B81C26D719}.Release|Any CPU.ActiveCfg = Release|Any CPU
		{C8E6F970-9EA7-4712-B002-26B81C26D719}.Release|Any CPU.Build.0 = Release|Any CPU
	EndGlobalSection
	GlobalSection(SolutionProperties) = preSolution
		HideSolutionNode = FALSE
	EndGlobalSection
	GlobalSection(ExtensibilityGlobals) = postSolution
		SolutionGuid = {F577D106-3B17-4666-8580-8A5E04F201E9}
	EndGlobalSection
EndGlobal
