
Microsoft Visual Studio Solution File, Format Version 12.00
# Visual Studio Version 16
VisualStudioVersion = 16.0.30907.101
MinimumVisualStudioVersion = 10.0.40219.1
Project("{FAE04EC0-301F-11D3-BF4B-00C04F79EFBC}") = "PrototypePattern", "PrototypePattern\PrototypePattern.csproj", "{6C40C13F-2A76-4E73-BCE5-C94EAD7B4ADB}"
EndProject
Global
	GlobalSection(SolutionConfigurationPlatforms) = preSolution
		Debug|Any CPU = Debug|Any CPU
		Release|Any CPU = Release|Any CPU
	EndGlobalSection
	GlobalSection(ProjectConfigurationPlatforms) = postSolution
		{6C40C13F-2A76-4E73-BCE5-C94EAD7B4ADB}.Debug|Any CPU.ActiveCfg = Debug|Any CPU
		{6C40C13F-2A76-4E73-BCE5-C94EAD7B4ADB}.Debug|Any CPU.Build.0 = Debug|Any CPU
		{6C40C13F-2A76-4E73-BCE5-C94EAD7B4ADB}.Release|Any CPU.ActiveCfg = Release|Any CPU
		{6C40C13F-2A76-4E73-BCE5-C94EAD7B4ADB}.Release|Any CPU.Build.0 = Release|Any CPU
	EndGlobalSection
	GlobalSection(SolutionProperties) = preSolution
		HideSolutionNode = FALSE
	EndGlobalSection
	GlobalSection(ExtensibilityGlobals) = postSolution
		SolutionGuid = {05AFADC7-A4B6-416E-9714-AB297B59B780}
	EndGlobalSection
EndGlobal
