
Microsoft Visual Studio Solution File, Format Version 12.00
# Visual Studio Version 16
VisualStudioVersion = 16.0.30907.101
MinimumVisualStudioVersion = 10.0.40219.1
Project("{FAE04EC0-301F-11D3-BF4B-00C04F79EFBC}") = "BridgePattern", "BridgePattern\BridgePattern.csproj", "{41DF6C93-BB6B-4A1E-90AD-0F7739B7F152}"
EndProject
Global
	GlobalSection(SolutionConfigurationPlatforms) = preSolution
		Debug|Any CPU = Debug|Any CPU
		Release|Any CPU = Release|Any CPU
	EndGlobalSection
	GlobalSection(ProjectConfigurationPlatforms) = postSolution
		{41DF6C93-BB6B-4A1E-90AD-0F7739B7F152}.Debug|Any CPU.ActiveCfg = Debug|Any CPU
		{41DF6C93-BB6B-4A1E-90AD-0F7739B7F152}.Debug|Any CPU.Build.0 = Debug|Any CPU
		{41DF6C93-BB6B-4A1E-90AD-0F7739B7F152}.Release|Any CPU.ActiveCfg = Release|Any CPU
		{41DF6C93-BB6B-4A1E-90AD-0F7739B7F152}.Release|Any CPU.Build.0 = Release|Any CPU
	EndGlobalSection
	GlobalSection(SolutionProperties) = preSolution
		HideSolutionNode = FALSE
	EndGlobalSection
	GlobalSection(ExtensibilityGlobals) = postSolution
		SolutionGuid = {6F03BDEC-8599-4C0E-A6B0-8E1A6C9699FE}
	EndGlobalSection
EndGlobal
