
Microsoft Visual Studio Solution File, Format Version 12.00
# Visual Studio Version 16
VisualStudioVersion = 16.0.30907.101
MinimumVisualStudioVersion = 10.0.40219.1
Project("{FAE04EC0-301F-11D3-BF4B-00C04F79EFBC}") = "InterpreterPattern", "InterpreterPattern\InterpreterPattern.csproj", "{2B4B22C2-DC07-4316-94E2-2F38E05BACA2}"
EndProject
Global
	GlobalSection(SolutionConfigurationPlatforms) = preSolution
		Debug|Any CPU = Debug|Any CPU
		Release|Any CPU = Release|Any CPU
	EndGlobalSection
	GlobalSection(ProjectConfigurationPlatforms) = postSolution
		{2B4B22C2-DC07-4316-94E2-2F38E05BACA2}.Debug|Any CPU.ActiveCfg = Debug|Any CPU
		{2B4B22C2-DC07-4316-94E2-2F38E05BACA2}.Debug|Any CPU.Build.0 = Debug|Any CPU
		{2B4B22C2-DC07-4316-94E2-2F38E05BACA2}.Release|Any CPU.ActiveCfg = Release|Any CPU
		{2B4B22C2-DC07-4316-94E2-2F38E05BACA2}.Release|Any CPU.Build.0 = Release|Any CPU
	EndGlobalSection
	GlobalSection(SolutionProperties) = preSolution
		HideSolutionNode = FALSE
	EndGlobalSection
	GlobalSection(ExtensibilityGlobals) = postSolution
		SolutionGuid = {11034876-2AE8-4DDA-B4CF-733E5D489762}
	EndGlobalSection
EndGlobal
