
Microsoft Visual Studio Solution File, Format Version 12.00
# Visual Studio Version 16
VisualStudioVersion = 16.0.30907.101
MinimumVisualStudioVersion = 10.0.40219.1
Project("{FAE04EC0-301F-11D3-BF4B-00C04F79EFBC}") = "VisitorPattern", "VisitorPattern\VisitorPattern.csproj", "{6DACDF19-EF57-404B-95B2-467E1521C75E}"
EndProject
Global
	GlobalSection(SolutionConfigurationPlatforms) = preSolution
		Debug|Any CPU = Debug|Any CPU
		Release|Any CPU = Release|Any CPU
	EndGlobalSection
	GlobalSection(ProjectConfigurationPlatforms) = postSolution
		{6DACDF19-EF57-404B-95B2-467E1521C75E}.Debug|Any CPU.ActiveCfg = Debug|Any CPU
		{6DACDF19-EF57-404B-95B2-467E1521C75E}.Debug|Any CPU.Build.0 = Debug|Any CPU
		{6DACDF19-EF57-404B-95B2-467E1521C75E}.Release|Any CPU.ActiveCfg = Release|Any CPU
		{6DACDF19-EF57-404B-95B2-467E1521C75E}.Release|Any CPU.Build.0 = Release|Any CPU
	EndGlobalSection
	GlobalSection(SolutionProperties) = preSolution
		HideSolutionNode = FALSE
	EndGlobalSection
	GlobalSection(ExtensibilityGlobals) = postSolution
		SolutionGuid = {6DFC6424-7EE2-40FA-8E33-5532802D4488}
	EndGlobalSection
EndGlobal
