
Microsoft Visual Studio Solution File, Format Version 12.00
# Visual Studio Version 16
VisualStudioVersion = 16.0.30907.101
MinimumVisualStudioVersion = 10.0.40219.1
Project("{FAE04EC0-301F-11D3-BF4B-00C04F79EFBC}") = "DecoratorPattern", "DecoratorPattern\DecoratorPattern.csproj", "{A09B25F4-781C-4976-AF20-C6F8E83D4B8B}"
EndProject
Global
	GlobalSection(SolutionConfigurationPlatforms) = preSolution
		Debug|Any CPU = Debug|Any CPU
		Release|Any CPU = Release|Any CPU
	EndGlobalSection
	GlobalSection(ProjectConfigurationPlatforms) = postSolution
		{A09B25F4-781C-4976-AF20-C6F8E83D4B8B}.Debug|Any CPU.ActiveCfg = Debug|Any CPU
		{A09B25F4-781C-4976-AF20-C6F8E83D4B8B}.Debug|Any CPU.Build.0 = Debug|Any CPU
		{A09B25F4-781C-4976-AF20-C6F8E83D4B8B}.Release|Any CPU.ActiveCfg = Release|Any CPU
		{A09B25F4-781C-4976-AF20-C6F8E83D4B8B}.Release|Any CPU.Build.0 = Release|Any CPU
	EndGlobalSection
	GlobalSection(SolutionProperties) = preSolution
		HideSolutionNode = FALSE
	EndGlobalSection
	GlobalSection(ExtensibilityGlobals) = postSolution
		SolutionGuid = {352BC42F-3C73-43B1-AEE7-D97DBA4311C4}
	EndGlobalSection
EndGlobal
